
Microsoft Visual Studio Solution File, Format Version 12.00
# Visual Studio Version 17
VisualStudioVersion = 17.14.36221.1
MinimumVisualStudioVersion = 10.0.40219.1
Project("{FAE04EC0-301F-11D3-BF4B-00C04F79EFBC}") = "WeatherDemo", "WeatherDemo\WeatherDemo.csproj", "{C2167F7F-4A0B-49F8-AF28-9FD5A2C8B76B}"
EndProject
Project("{54435603-DBB4-11D2-8724-00A0C9A8B90C}") = "Weather Demo Installer", "Setup\Setup.vdproj", "{DBE9999D-346E-CA63-6964-F3B7FC1D42B4}"
EndProject
Project("{FAE04EC0-301F-11D3-BF4B-00C04F79EFBC}") = "WeatherCommon", "WeatherCommon\WeatherCommon.csproj", "{2CCDAFB6-4E8D-41CE-BEE3-1509C6B4EE6C}"
EndProject
Global
	GlobalSection(SolutionConfigurationPlatforms) = preSolution
		Debug|Any CPU = Debug|Any CPU
		Debug|x64 = Debug|x64
		Debug|x86 = Debug|x86
		Release|Any CPU = Release|Any CPU
		Release|x64 = Release|x64
		Release|x86 = Release|x86
	EndGlobalSection
	GlobalSection(ProjectConfigurationPlatforms) = postSolution
		{C2167F7F-4A0B-49F8-AF28-9FD5A2C8B76B}.Debug|Any CPU.ActiveCfg = Debug|Any CPU
		{C2167F7F-4A0B-49F8-AF28-9FD5A2C8B76B}.Debug|Any CPU.Build.0 = Debug|Any CPU
		{C2167F7F-4A0B-49F8-AF28-9FD5A2C8B76B}.Debug|x64.ActiveCfg = Debug|Any CPU
		{C2167F7F-4A0B-49F8-AF28-9FD5A2C8B76B}.Debug|x64.Build.0 = Debug|Any CPU
		{C2167F7F-4A0B-49F8-AF28-9FD5A2C8B76B}.Debug|x86.ActiveCfg = Debug|Any CPU
		{C2167F7F-4A0B-49F8-AF28-9FD5A2C8B76B}.Debug|x86.Build.0 = Debug|Any CPU
		{C2167F7F-4A0B-49F8-AF28-9FD5A2C8B76B}.Release|Any CPU.ActiveCfg = Release|Any CPU
		{C2167F7F-4A0B-49F8-AF28-9FD5A2C8B76B}.Release|Any CPU.Build.0 = Release|Any CPU
		{C2167F7F-4A0B-49F8-AF28-9FD5A2C8B76B}.Release|x64.ActiveCfg = Release|Any CPU
		{C2167F7F-4A0B-49F8-AF28-9FD5A2C8B76B}.Release|x64.Build.0 = Release|Any CPU
		{C2167F7F-4A0B-49F8-AF28-9FD5A2C8B76B}.Release|x86.ActiveCfg = Release|Any CPU
		{C2167F7F-4A0B-49F8-AF28-9FD5A2C8B76B}.Release|x86.Build.0 = Release|Any CPU
		{DBE9999D-346E-CA63-6964-F3B7FC1D42B4}.Debug|Any CPU.ActiveCfg = Debug
		{DBE9999D-346E-CA63-6964-F3B7FC1D42B4}.Debug|x64.ActiveCfg = Debug
		{DBE9999D-346E-CA63-6964-F3B7FC1D42B4}.Debug|x64.Build.0 = Debug
		{DBE9999D-346E-CA63-6964-F3B7FC1D42B4}.Debug|x86.ActiveCfg = Debug
		{DBE9999D-346E-CA63-6964-F3B7FC1D42B4}.Debug|x86.Build.0 = Debug
		{DBE9999D-346E-CA63-6964-F3B7FC1D42B4}.Release|Any CPU.ActiveCfg = Release
		{DBE9999D-346E-CA63-6964-F3B7FC1D42B4}.Release|x64.ActiveCfg = Release
		{DBE9999D-346E-CA63-6964-F3B7FC1D42B4}.Release|x64.Build.0 = Release
		{DBE9999D-346E-CA63-6964-F3B7FC1D42B4}.Release|x86.ActiveCfg = Release
		{DBE9999D-346E-CA63-6964-F3B7FC1D42B4}.Release|x86.Build.0 = Release
		{2CCDAFB6-4E8D-41CE-BEE3-1509C6B4EE6C}.Debug|Any CPU.ActiveCfg = Debug|Any CPU
		{2CCDAFB6-4E8D-41CE-BEE3-1509C6B4EE6C}.Debug|Any CPU.Build.0 = Debug|Any CPU
		{2CCDAFB6-4E8D-41CE-BEE3-1509C6B4EE6C}.Debug|x64.ActiveCfg = Debug|Any CPU
		{2CCDAFB6-4E8D-41CE-BEE3-1509C6B4EE6C}.Debug|x64.Build.0 = Debug|Any CPU
		{2CCDAFB6-4E8D-41CE-BEE3-1509C6B4EE6C}.Debug|x86.ActiveCfg = Debug|Any CPU
		{2CCDAFB6-4E8D-41CE-BEE3-1509C6B4EE6C}.Debug|x86.Build.0 = Debug|Any CPU
		{2CCDAFB6-4E8D-41CE-BEE3-1509C6B4EE6C}.Release|Any CPU.ActiveCfg = Release|Any CPU
		{2CCDAFB6-4E8D-41CE-BEE3-1509C6B4EE6C}.Release|Any CPU.Build.0 = Release|Any CPU
		{2CCDAFB6-4E8D-41CE-BEE3-1509C6B4EE6C}.Release|x64.ActiveCfg = Release|Any CPU
		{2CCDAFB6-4E8D-41CE-BEE3-1509C6B4EE6C}.Release|x64.Build.0 = Release|Any CPU
		{2CCDAFB6-4E8D-41CE-BEE3-1509C6B4EE6C}.Release|x86.ActiveCfg = Release|Any CPU
		{2CCDAFB6-4E8D-41CE-BEE3-1509C6B4EE6C}.Release|x86.Build.0 = Release|Any CPU
	EndGlobalSection
	GlobalSection(SolutionProperties) = preSolution
		HideSolutionNode = FALSE
	EndGlobalSection
	GlobalSection(ExtensibilityGlobals) = postSolution
		SolutionGuid = {0406CD84-5E9C-458F-9505-82FB158E08C0}
	EndGlobalSection
	GlobalSection(SharedMSBuildProjectFiles) = preSolution
		Weather Common\Weather Common.projitems*{c2167f7f-4a0b-49f8-af28-9fd5a2c8b76b}*SharedItemsImports = 5
	EndGlobalSection
EndGlobal
